
Microsoft Visual Studio Solution File, Format Version 12.00
# Visual Studio Version 17
VisualStudioVersion = 17.14.36109.1 d17.14
MinimumVisualStudioVersion = 10.0.40219.1
Project("{FAE04EC0-301F-11D3-BF4B-00C04F79EFBC}") = "GROUP04DataAccess", "GROUP04DataAccess\GROUP04DataAccess.csproj", "{E54A5D89-7DD4-4576-9C25-D20FC1F0B3B5}"
EndProject
Project("{FAE04EC0-301F-11D3-BF4B-00C04F79EFBC}") = "GROUP04WPF", "GROUP04WPF\GROUP04WPF.csproj", "{D9708EE6-8BA4-4AA4-98CE-5C7561096947}"
EndProject
Global
	GlobalSection(SolutionConfigurationPlatforms) = preSolution
		Debug|Any CPU = Debug|Any CPU
		Release|Any CPU = Release|Any CPU
	EndGlobalSection
	GlobalSection(ProjectConfigurationPlatforms) = postSolution
		{E54A5D89-7DD4-4576-9C25-D20FC1F0B3B5}.Debug|Any CPU.ActiveCfg = Debug|Any CPU
		{E54A5D89-7DD4-4576-9C25-D20FC1F0B3B5}.Debug|Any CPU.Build.0 = Debug|Any CPU
		{E54A5D89-7DD4-4576-9C25-D20FC1F0B3B5}.Release|Any CPU.ActiveCfg = Release|Any CPU
		{E54A5D89-7DD4-4576-9C25-D20FC1F0B3B5}.Release|Any CPU.Build.0 = Release|Any CPU
		{D9708EE6-8BA4-4AA4-98CE-5C7561096947}.Debug|Any CPU.ActiveCfg = Debug|Any CPU
		{D9708EE6-8BA4-4AA4-98CE-5C7561096947}.Debug|Any CPU.Build.0 = Debug|Any CPU
		{D9708EE6-8BA4-4AA4-98CE-5C7561096947}.Release|Any CPU.ActiveCfg = Release|Any CPU
		{D9708EE6-8BA4-4AA4-98CE-5C7561096947}.Release|Any CPU.Build.0 = Release|Any CPU
	EndGlobalSection
	GlobalSection(SolutionProperties) = preSolution
		HideSolutionNode = FALSE
	EndGlobalSection
	GlobalSection(ExtensibilityGlobals) = postSolution
		SolutionGuid = {6F48AB61-5742-4866-8FBE-6584F5385772}
	EndGlobalSection
EndGlobal
